
Microsoft Visual Studio Solution File, Format Version 12.00
# Visual Studio Version 17
VisualStudioVersion = 17.7.34024.191
MinimumVisualStudioVersion = 10.0.40219.1
Project("{FAE04EC0-301F-11D3-BF4B-00C04F79EFBC}") = "ReTestGit", "ReTestGit\ReTestGit.csproj", "{5926A9BE-9C59-4C99-99EC-0133D2BDB302}"
EndProject
Global
	GlobalSection(SolutionConfigurationPlatforms) = preSolution
		Debug|Any CPU = Debug|Any CPU
		Release|Any CPU = Release|Any CPU
	EndGlobalSection
	GlobalSection(ProjectConfigurationPlatforms) = postSolution
		{5926A9BE-9C59-4C99-99EC-0133D2BDB302}.Debug|Any CPU.ActiveCfg = Debug|Any CPU
		{5926A9BE-9C59-4C99-99EC-0133D2BDB302}.Debug|Any CPU.Build.0 = Debug|Any CPU
		{5926A9BE-9C59-4C99-99EC-0133D2BDB302}.Release|Any CPU.ActiveCfg = Release|Any CPU
		{5926A9BE-9C59-4C99-99EC-0133D2BDB302}.Release|Any CPU.Build.0 = Release|Any CPU
	EndGlobalSection
	GlobalSection(SolutionProperties) = preSolution
		HideSolutionNode = FALSE
	EndGlobalSection
	GlobalSection(ExtensibilityGlobals) = postSolution
		SolutionGuid = {671BF281-A387-4718-8A3B-F4840C90FA43}
	EndGlobalSection
EndGlobal
